{
  "lockfile_version": "1",
  "packages": {
    "awscli2@latest": {
      "last_modified": "2024-07-24T00:53:51Z",
      "resolved": "github:NixOS/nixpkgs/4f02464258baaf54992debfd010a7a3662a25536#awscli2",
      "source": "devbox-search",
      "version": "2.17.13",
      "systems": {
        "aarch64-darwin": {
          "outputs": [
            {
              "name": "out",
              "path": "/nix/store/nbibzc67a4yg37fa1jkywvywsxyclr3s-awscli2-2.17.13",
              "default": true
            },
            {
              "name": "dist",
              "path": "/nix/store/c470b041yf8m2wa7spznij6fg8v6iv7g-awscli2-2.17.13-dist"
            }
          ],
          "store_path": "/nix/store/nbibzc67a4yg37fa1jkywvywsxyclr3s-awscli2-2.17.13"
        },
        "aarch64-linux": {
          "outputs": [
            {
              "name": "out",
              "path": "/nix/store/qiqzhlp9qf4gwr4mh9i3jz8ymqvsy2y9-awscli2-2.17.13",
              "default": true
            },
            {
              "name": "dist",
              "path": "/nix/store/mhw7pgpfq855fg1dghjr9zmafv71r0ak-awscli2-2.17.13-dist"
            }
          ],
          "store_path": "/nix/store/qiqzhlp9qf4gwr4mh9i3jz8ymqvsy2y9-awscli2-2.17.13"
        },
        "x86_64-darwin": {
          "outputs": [
            {
              "name": "out",
              "path": "/nix/store/d3z3grhbcbc0ramdi4svmdjc16lx9fvs-awscli2-2.17.13",
              "default": true
            },
            {
              "name": "dist",
              "path": "/nix/store/z8z07zl0zgsa7z2n97sd3p1zdrag3ynm-awscli2-2.17.13-dist"
            }
          ],
          "store_path": "/nix/store/d3z3grhbcbc0ramdi4svmdjc16lx9fvs-awscli2-2.17.13"
        },
        "x86_64-linux": {
          "outputs": [
            {
              "name": "out",
              "path": "/nix/store/iyl23s6rbxjgffi09vrlgym1xdm9mw88-awscli2-2.17.13",
              "default": true
            },
            {
              "name": "dist",
              "path": "/nix/store/xhfcds019854birn3acfx9h5a4h9skm0-awscli2-2.17.13-dist"
            }
          ],
          "store_path": "/nix/store/iyl23s6rbxjgffi09vrlgym1xdm9mw88-awscli2-2.17.13"
        }
      }
    },
    "corepack_20@latest": {
      "last_modified": "2024-07-10T06:55:44Z",
      "resolved": "github:NixOS/nixpkgs/aa9461550594533c29866d42f861b6ff079a7fb6#corepack_20",
      "source": "devbox-search",
      "version": "20.14.0",
      "systems": {
        "aarch64-darwin": {
          "outputs": [
            {
              "name": "out",
              "path": "/nix/store/arj1jw453vmb4b743rvvp9cp7pqb27zm-corepack-nodejs-20.14.0",
              "default": true
            }
          ],
          "store_path": "/nix/store/arj1jw453vmb4b743rvvp9cp7pqb27zm-corepack-nodejs-20.14.0"
        },
        "aarch64-linux": {
          "outputs": [
            {
              "name": "out",
              "path": "/nix/store/flqza8lz3cvyyrz7v8k1r2ap32vskwyf-corepack-nodejs-20.14.0",
              "default": true
            }
          ],
          "store_path": "/nix/store/flqza8lz3cvyyrz7v8k1r2ap32vskwyf-corepack-nodejs-20.14.0"
        },
        "x86_64-darwin": {
          "outputs": [
            {
              "name": "out",
              "path": "/nix/store/3dkq8w4h6gf1pg05lnmzg49q2fbrmpsk-corepack-nodejs-20.14.0",
              "default": true
            }
          ],
          "store_path": "/nix/store/3dkq8w4h6gf1pg05lnmzg49q2fbrmpsk-corepack-nodejs-20.14.0"
        },
        "x86_64-linux": {
          "outputs": [
            {
              "name": "out",
              "path": "/nix/store/zw38hg36phakmnk3lxglyzvjwf2pivsa-corepack-nodejs-20.14.0",
              "default": true
            }
          ],
          "store_path": "/nix/store/zw38hg36phakmnk3lxglyzvjwf2pivsa-corepack-nodejs-20.14.0"
        }
      }
    },
    "direnv@latest": {
      "last_modified": "2024-07-20T09:11:00Z",
      "resolved": "github:NixOS/nixpkgs/6e14bbce7bea6c4efd7adfa88a40dac750d80100#direnv",
      "source": "devbox-search",
      "version": "2.34.0",
      "systems": {
        "aarch64-darwin": {
          "outputs": [
            {
              "name": "out",
              "path": "/nix/store/8b283hkzmzmxpsrn5fnwdarw3hw68967-direnv-2.34.0",
              "default": true
            }
          ],
          "store_path": "/nix/store/8b283hkzmzmxpsrn5fnwdarw3hw68967-direnv-2.34.0"
        },
        "aarch64-linux": {
          "outputs": [
            {
              "name": "out",
              "path": "/nix/store/fh1bfrgf6p7x88s47bi2bngrqnxss1lk-direnv-2.34.0",
              "default": true
            }
          ],
          "store_path": "/nix/store/fh1bfrgf6p7x88s47bi2bngrqnxss1lk-direnv-2.34.0"
        },
        "x86_64-darwin": {
          "outputs": [
            {
              "name": "out",
              "path": "/nix/store/sf7h42jldfnyh7cp5v70xac40xs0pqy1-direnv-2.34.0",
              "default": true
            }
          ],
          "store_path": "/nix/store/sf7h42jldfnyh7cp5v70xac40xs0pqy1-direnv-2.34.0"
        },
        "x86_64-linux": {
          "outputs": [
            {
              "name": "out",
              "path": "/nix/store/8l9j9kdv9m0z0s30lp4yvrc9s5bcbgmx-direnv-2.34.0",
              "default": true
            }
          ],
          "store_path": "/nix/store/8l9j9kdv9m0z0s30lp4yvrc9s5bcbgmx-direnv-2.34.0"
        }
      }
    },
    "gh@latest": {
      "last_modified": "2024-07-20T09:11:00Z",
      "resolved": "github:NixOS/nixpkgs/6e14bbce7bea6c4efd7adfa88a40dac750d80100#gh",
      "source": "devbox-search",
      "version": "2.53.0",
      "systems": {
        "aarch64-darwin": {
          "outputs": [
            {
              "name": "out",
              "path": "/nix/store/isgmpcikb92pmj3ckpvjpbf45yk2n8y3-gh-2.53.0",
              "default": true
            }
          ],
          "store_path": "/nix/store/isgmpcikb92pmj3ckpvjpbf45yk2n8y3-gh-2.53.0"
        },
        "aarch64-linux": {
          "outputs": [
            {
              "name": "out",
              "path": "/nix/store/mq498lw8nmvffxkl7v5rf6zjps2b4hsf-gh-2.53.0",
              "default": true
            }
          ],
          "store_path": "/nix/store/mq498lw8nmvffxkl7v5rf6zjps2b4hsf-gh-2.53.0"
        },
        "x86_64-darwin": {
          "outputs": [
            {
              "name": "out",
              "path": "/nix/store/0di91k9k3g0ygjzf0bdl16v702hdiwz2-gh-2.53.0",
              "default": true
            }
          ],
          "store_path": "/nix/store/0di91k9k3g0ygjzf0bdl16v702hdiwz2-gh-2.53.0"
        },
        "x86_64-linux": {
          "outputs": [
            {
              "name": "out",
              "path": "/nix/store/ci5hgcdq8jmqzh1vn4p3wab22pqnvfjj-gh-2.53.0",
              "default": true
            }
          ],
          "store_path": "/nix/store/ci5hgcdq8jmqzh1vn4p3wab22pqnvfjj-gh-2.53.0"
        }
      }
    },
    "go-task@latest": {
      "last_modified": "2024-07-20T09:11:00Z",
      "resolved": "github:NixOS/nixpkgs/6e14bbce7bea6c4efd7adfa88a40dac750d80100#go-task",
      "source": "devbox-search",
      "version": "3.38.0",
      "systems": {
        "aarch64-darwin": {
          "outputs": [
            {
              "name": "out",
              "path": "/nix/store/4clgrxd19h07x7sy45fb5mj3qkshmvy1-go-task-3.38.0",
              "default": true
            }
          ],
          "store_path": "/nix/store/4clgrxd19h07x7sy45fb5mj3qkshmvy1-go-task-3.38.0"
        },
        "aarch64-linux": {
          "outputs": [
            {
              "name": "out",
              "path": "/nix/store/0icfyvbmfwnbfw1v9s5gv7l6fl1mc5g8-go-task-3.38.0",
              "default": true
            }
          ],
          "store_path": "/nix/store/0icfyvbmfwnbfw1v9s5gv7l6fl1mc5g8-go-task-3.38.0"
        },
        "x86_64-darwin": {
          "outputs": [
            {
              "name": "out",
              "path": "/nix/store/dw1h8gzlpsq0yxhvbi8fmks2j4sbljni-go-task-3.38.0",
              "default": true
            }
          ],
          "store_path": "/nix/store/dw1h8gzlpsq0yxhvbi8fmks2j4sbljni-go-task-3.38.0"
        },
        "x86_64-linux": {
          "outputs": [
            {
              "name": "out",
              "path": "/nix/store/6yg91y9vy4i0lxx24vn8f4gwp1vkiz1r-go-task-3.38.0",
              "default": true
            }
          ],
          "store_path": "/nix/store/6yg91y9vy4i0lxx24vn8f4gwp1vkiz1r-go-task-3.38.0"
        }
      }
    },
    "jq@latest": {
      "last_modified": "2024-07-24T00:53:51Z",
      "resolved": "github:NixOS/nixpkgs/4f02464258baaf54992debfd010a7a3662a25536#jq",
      "source": "devbox-search",
      "version": "1.7.1",
      "systems": {
        "aarch64-darwin": {
          "outputs": [
            {
              "name": "bin",
              "path": "/nix/store/5dsicv93i37c4rqr08r1zdj8dwpa63nj-jq-1.7.1-bin",
              "default": true
            },
            {
              "name": "man",
              "path": "/nix/store/jf3cf8rxhpc6l40sjcksarfk9nvnpmrw-jq-1.7.1-man",
              "default": true
            },
            {
              "name": "dev",
              "path": "/nix/store/6ad6jxsm7478f0x8rq8rrdc4han7s80j-jq-1.7.1-dev"
            },
            {
              "name": "doc",
              "path": "/nix/store/bll94fwkzpm5sklfwj70848amgrjkrn0-jq-1.7.1-doc"
            },
            {
              "name": "lib",
              "path": "/nix/store/wisxfshfsm2cg4raffilv38cgiqrlw45-jq-1.7.1-lib"
            },
            {
              "name": "out",
              "path": "/nix/store/5mzkysyi9h4bim5plq6d85zqiv3nb3bi-jq-1.7.1"
            }
          ],
          "store_path": "/nix/store/5dsicv93i37c4rqr08r1zdj8dwpa63nj-jq-1.7.1-bin"
        },
        "aarch64-linux": {
          "outputs": [
            {
              "name": "bin",
              "path": "/nix/store/9bm6a5hr2036bp03n7mvcj8qb7z6mcr0-jq-1.7.1-bin",
              "default": true
            },
            {
              "name": "man",
              "path": "/nix/store/hqck6h5n2av24gvs8fbq566v03fcmw17-jq-1.7.1-man",
              "default": true
            },
            {
              "name": "dev",
              "path": "/nix/store/h0v2snl3jji71maplpiyjnb4xblgf428-jq-1.7.1-dev"
            },
            {
              "name": "doc",
              "path": "/nix/store/w74r4zi5cy74qmmzziq0vkp5lr0vg95i-jq-1.7.1-doc"
            },
            {
              "name": "lib",
              "path": "/nix/store/gnansglnqy5s2yiy4p9nf07iid8y6hl1-jq-1.7.1-lib"
            },
            {
              "name": "out",
              "path": "/nix/store/0sh7a753nby7r3849sz8gy4cbnkd45i4-jq-1.7.1"
            }
          ],
          "store_path": "/nix/store/9bm6a5hr2036bp03n7mvcj8qb7z6mcr0-jq-1.7.1-bin"
        },
        "x86_64-darwin": {
          "outputs": [
            {
              "name": "bin",
              "path": "/nix/store/bcyvwrb0hl85gckd2f3rfl1ih69r5pwz-jq-1.7.1-bin",
              "default": true
            },
            {
              "name": "man",
              "path": "/nix/store/arsqld8fq5sg7lsy39g12xr1dim25afw-jq-1.7.1-man",
              "default": true
            },
            {
              "name": "out",
              "path": "/nix/store/gbp8xd6x3cj7d1yd7cslnrfbjxvqzdls-jq-1.7.1"
            },
            {
              "name": "dev",
              "path": "/nix/store/q1bqzh7ngrskmdcswx5i9fvxnl24qiaq-jq-1.7.1-dev"
            },
            {
              "name": "doc",
              "path": "/nix/store/mh4hdlh3qhbbq991rk5ab3903fai0nkc-jq-1.7.1-doc"
            },
            {
              "name": "lib",
              "path": "/nix/store/8pw8540dyhqc5mbmd2bd7ah2lxaaa01j-jq-1.7.1-lib"
            }
          ],
          "store_path": "/nix/store/bcyvwrb0hl85gckd2f3rfl1ih69r5pwz-jq-1.7.1-bin"
        },
        "x86_64-linux": {
          "outputs": [
            {
              "name": "bin",
              "path": "/nix/store/axpqa3f5l63mc38h11x1gc5cykw8bn5i-jq-1.7.1-bin",
              "default": true
            },
            {
              "name": "man",
              "path": "/nix/store/wfmw87vqkz2xifc9sb0gvnad1l73qk6v-jq-1.7.1-man",
              "default": true
            },
            {
              "name": "out",
              "path": "/nix/store/iw31k4crvrhmgykdxy0dyz632h2jhzkz-jq-1.7.1"
            },
            {
              "name": "dev",
              "path": "/nix/store/nnawicd7asp8mn0gsp8j0gxd81y1jasr-jq-1.7.1-dev"
            },
            {
              "name": "doc",
              "path": "/nix/store/7nx4qp08rd6f92iw377lzrvdhpzslrvy-jq-1.7.1-doc"
            },
            {
              "name": "lib",
              "path": "/nix/store/133fxjd0mqf8x720c2a8cp9175ma0n9x-jq-1.7.1-lib"
            }
          ],
          "store_path": "/nix/store/axpqa3f5l63mc38h11x1gc5cykw8bn5i-jq-1.7.1-bin"
        }
      }
    },
    "nodejs_20@latest": {
      "last_modified": "2024-07-10T06:55:44Z",
      "plugin_version": "0.0.2",
      "resolved": "github:NixOS/nixpkgs/aa9461550594533c29866d42f861b6ff079a7fb6#nodejs_20",
      "source": "devbox-search",
      "version": "20.14.0",
      "systems": {
        "aarch64-darwin": {
          "outputs": [
            {
              "name": "out",
              "path": "/nix/store/sqnbldm1fjw88v23yq4v6531y4m7v2fh-nodejs-20.14.0",
              "default": true
            },
            {
              "name": "libv8",
              "path": "/nix/store/1i0rb2axkrxvsq5pz8s2q07ard2p36a1-nodejs-20.14.0-libv8"
            }
          ],
          "store_path": "/nix/store/sqnbldm1fjw88v23yq4v6531y4m7v2fh-nodejs-20.14.0"
        },
        "aarch64-linux": {
          "outputs": [
            {
              "name": "out",
              "path": "/nix/store/r1nwmlbsn67f5rhayr7jjjdmiflxpk92-nodejs-20.14.0",
              "default": true
            },
            {
              "name": "libv8",
              "path": "/nix/store/5ii3xkbd3iv0xvqqvjg3agsm0dinidgm-nodejs-20.14.0-libv8"
            }
          ],
          "store_path": "/nix/store/r1nwmlbsn67f5rhayr7jjjdmiflxpk92-nodejs-20.14.0"
        },
        "x86_64-darwin": {
          "outputs": [
            {
              "name": "out",
              "path": "/nix/store/wzgnws4r1c98vzj5q6gq4drz2jfq7d5q-nodejs-20.14.0",
              "default": true
            },
            {
              "name": "libv8",
              "path": "/nix/store/gc2gnkc8hvkh51ab3a29fvgzy2qsqb2s-nodejs-20.14.0-libv8"
            }
          ],
          "store_path": "/nix/store/wzgnws4r1c98vzj5q6gq4drz2jfq7d5q-nodejs-20.14.0"
        },
        "x86_64-linux": {
          "outputs": [
            {
              "name": "out",
              "path": "/nix/store/ilkfhnqz4xczrliqjva8770x2svbfznd-nodejs-20.14.0",
              "default": true
            },
            {
              "name": "libv8",
              "path": "/nix/store/2qaf68dzimr8as4bgli0xmsn11c0ah2j-nodejs-20.14.0-libv8"
            }
          ],
          "store_path": "/nix/store/ilkfhnqz4xczrliqjva8770x2svbfznd-nodejs-20.14.0"
        }
      }
    },
    "yq@latest": {
      "last_modified": "2024-07-07T07:43:47Z",
      "resolved": "github:NixOS/nixpkgs/b60793b86201040d9dee019a05089a9150d08b5b#yq",
      "source": "devbox-search",
      "version": "3.4.3",
      "systems": {
        "aarch64-darwin": {
          "outputs": [
            {
              "name": "out",
              "path": "/nix/store/7wd5dn3p6czs3vjkpgadniv8r5jsbg6d-python3.12-yq-3.4.3",
              "default": true
            },
            {
              "name": "dist",
              "path": "/nix/store/cx96ab2l5g7k20irlkybg90r6ww2g419-python3.12-yq-3.4.3-dist"
            }
          ],
          "store_path": "/nix/store/7wd5dn3p6czs3vjkpgadniv8r5jsbg6d-python3.12-yq-3.4.3"
        },
        "aarch64-linux": {
          "outputs": [
            {
              "name": "out",
              "path": "/nix/store/79bqrczvm1jh0hd89ndp606i8w2xvkid-python3.12-yq-3.4.3",
              "default": true
            },
            {
              "name": "dist",
              "path": "/nix/store/byzgcykw6d3rflm4nmqnyz1ix1cavkww-python3.12-yq-3.4.3-dist"
            }
          ],
          "store_path": "/nix/store/79bqrczvm1jh0hd89ndp606i8w2xvkid-python3.12-yq-3.4.3"
        },
        "x86_64-darwin": {
          "outputs": [
            {
              "name": "out",
              "path": "/nix/store/cc7aq39xbinmc7jpypvn9sgyjy9zjkqx-python3.12-yq-3.4.3",
              "default": true
            },
            {
              "name": "dist",
              "path": "/nix/store/nfzmvi8j5j7cmijjcwz6jxr70kklh0kz-python3.12-yq-3.4.3-dist"
            }
          ],
          "store_path": "/nix/store/cc7aq39xbinmc7jpypvn9sgyjy9zjkqx-python3.12-yq-3.4.3"
        },
        "x86_64-linux": {
          "outputs": [
            {
              "name": "out",
              "path": "/nix/store/vda5kydci789ws52i1j2k52lcb3m7mb6-python3.12-yq-3.4.3",
              "default": true
            },
            {
              "name": "dist",
              "path": "/nix/store/ckg535fiszicf6cxza016wbayv418nbs-python3.12-yq-3.4.3-dist"
            }
          ],
          "store_path": "/nix/store/vda5kydci789ws52i1j2k52lcb3m7mb6-python3.12-yq-3.4.3"
        }
      }
    },
    "zsh-powerlevel10k@latest": {
      "last_modified": "2024-07-07T07:43:47Z",
      "resolved": "github:NixOS/nixpkgs/b60793b86201040d9dee019a05089a9150d08b5b#zsh-powerlevel10k",
      "source": "devbox-search",
      "version": "1.20.0",
      "systems": {
        "aarch64-darwin": {
          "outputs": [
            {
              "name": "out",
              "path": "/nix/store/akj3p31jz2lj2gaqq2jv7f4rjxd333ij-powerlevel10k-1.20.0",
              "default": true
            }
          ],
          "store_path": "/nix/store/akj3p31jz2lj2gaqq2jv7f4rjxd333ij-powerlevel10k-1.20.0"
        },
        "aarch64-linux": {
          "outputs": [
            {
              "name": "out",
              "path": "/nix/store/qbpbfnbfj2p1cxq8acr6fmhmgmy1d7wa-powerlevel10k-1.20.0",
              "default": true
            }
          ],
          "store_path": "/nix/store/qbpbfnbfj2p1cxq8acr6fmhmgmy1d7wa-powerlevel10k-1.20.0"
        },
        "x86_64-darwin": {
          "outputs": [
            {
              "name": "out",
              "path": "/nix/store/wvr79mv02nj6g209v6sqna5l30j0qbcg-powerlevel10k-1.20.0",
              "default": true
            }
          ],
          "store_path": "/nix/store/wvr79mv02nj6g209v6sqna5l30j0qbcg-powerlevel10k-1.20.0"
        },
        "x86_64-linux": {
          "outputs": [
            {
              "name": "out",
              "path": "/nix/store/qzymngl3c0r3b21am272j1r9kn3yckbl-powerlevel10k-1.20.0",
              "default": true
            }
          ],
          "store_path": "/nix/store/qzymngl3c0r3b21am272j1r9kn3yckbl-powerlevel10k-1.20.0"
        }
      }
    },
    "zsh-prezto@latest": {
      "last_modified": "2024-07-07T07:43:47Z",
      "resolved": "github:NixOS/nixpkgs/b60793b86201040d9dee019a05089a9150d08b5b#zsh-prezto",
      "source": "devbox-search",
      "version": "0-unstable-2024-06-03",
      "systems": {
        "aarch64-darwin": {
          "outputs": [
            {
              "name": "out",
              "path": "/nix/store/dr2mgk3wc7h1b4rcfc9h4ykjp8102fm1-zsh-prezto-0-unstable-2024-06-03",
              "default": true
            }
          ],
          "store_path": "/nix/store/dr2mgk3wc7h1b4rcfc9h4ykjp8102fm1-zsh-prezto-0-unstable-2024-06-03"
        },
        "aarch64-linux": {
          "outputs": [
            {
              "name": "out",
              "path": "/nix/store/5x0z85qix7gvc7wiadhjby4y3s436nn8-zsh-prezto-0-unstable-2024-06-03",
              "default": true
            }
          ],
          "store_path": "/nix/store/5x0z85qix7gvc7wiadhjby4y3s436nn8-zsh-prezto-0-unstable-2024-06-03"
        },
        "x86_64-darwin": {
          "outputs": [
            {
              "name": "out",
              "path": "/nix/store/mwc5zz2c3ki47mmah3h8j2wj7yxh69pd-zsh-prezto-0-unstable-2024-06-03",
              "default": true
            }
          ],
          "store_path": "/nix/store/mwc5zz2c3ki47mmah3h8j2wj7yxh69pd-zsh-prezto-0-unstable-2024-06-03"
        },
        "x86_64-linux": {
          "outputs": [
            {
              "name": "out",
              "path": "/nix/store/djrjy7fm658m57m5d60nx2p5rbd5mq67-zsh-prezto-0-unstable-2024-06-03",
              "default": true
            }
          ],
          "store_path": "/nix/store/djrjy7fm658m57m5d60nx2p5rbd5mq67-zsh-prezto-0-unstable-2024-06-03"
        }
      }
    }
  }
}
